
Microsoft Visual Studio Solution File, Format Version 12.00
# Visual Studio Version 16
VisualStudioVersion = 16.0.30611.23
MinimumVisualStudioVersion = 10.0.40219.1
Project("{9A19103F-16F7-4668-BE54-9A1E7A4F7556}") = "instagrab", "instagrab.csproj", "{963CF346-AA69-42DE-9AE1-BD0694760EFD}"
EndProject
Global
	GlobalSection(SolutionConfigurationPlatforms) = preSolution
		Debug|Any CPU = Debug|Any CPU
		Release|Any CPU = Release|Any CPU
	EndGlobalSection
	GlobalSection(ProjectConfigurationPlatforms) = postSolution
		{963CF346-AA69-42DE-9AE1-BD0694760EFD}.Debug|Any CPU.ActiveCfg = Debug|Any CPU
		{963CF346-AA69-42DE-9AE1-BD0694760EFD}.Debug|Any CPU.Build.0 = Debug|Any CPU
		{963CF346-AA69-42DE-9AE1-BD0694760EFD}.Release|Any CPU.ActiveCfg = Release|Any CPU
		{963CF346-AA69-42DE-9AE1-BD0694760EFD}.Release|Any CPU.Build.0 = Release|Any CPU
	EndGlobalSection
	GlobalSection(SolutionProperties) = preSolution
		HideSolutionNode = FALSE
	EndGlobalSection
	GlobalSection(ExtensibilityGlobals) = postSolution
		SolutionGuid = {BCB62FB1-BB39-47A8-A04D-414D4632ABE9}
	EndGlobalSection
EndGlobal
